
Microsoft Visual Studio Solution File, Format Version 12.00
# Visual Studio Version 16
VisualStudioVersion = 16.0.31019.35
MinimumVisualStudioVersion = 10.0.40219.1
Project("{FAE04EC0-301F-11D3-BF4B-00C04F79EFBC}") = "interfaceIzara", "interfaceIzara\interfaceIzara.csproj", "{157CEDD3-F01B-431E-BFE2-54899FACA33C}"
EndProject
Global
	GlobalSection(SolutionConfigurationPlatforms) = preSolution
		Debug|Any CPU = Debug|Any CPU
		Release|Any CPU = Release|Any CPU
	EndGlobalSection
	GlobalSection(ProjectConfigurationPlatforms) = postSolution
		{157CEDD3-F01B-431E-BFE2-54899FACA33C}.Debug|Any CPU.ActiveCfg = Debug|Any CPU
		{157CEDD3-F01B-431E-BFE2-54899FACA33C}.Debug|Any CPU.Build.0 = Debug|Any CPU
		{157CEDD3-F01B-431E-BFE2-54899FACA33C}.Release|Any CPU.ActiveCfg = Release|Any CPU
		{157CEDD3-F01B-431E-BFE2-54899FACA33C}.Release|Any CPU.Build.0 = Release|Any CPU
	EndGlobalSection
	GlobalSection(SolutionProperties) = preSolution
		HideSolutionNode = FALSE
	EndGlobalSection
	GlobalSection(ExtensibilityGlobals) = postSolution
		SolutionGuid = {7C3BA793-C00E-480A-91E5-1DB3012E8A0E}
	EndGlobalSection
EndGlobal
